<?xml version="1.0" encoding="utf-8"?>
<Project ToolsVersion="4.0" xmlns="http://schemas.microsoft.com/developer/msbuild/2003">
  <ItemGroup>
    <Filter Include="Quelldateien">
      <UniqueIdentifier>{4FC737F1-C7A5-4376-A066-2A32D752A2FF}</UniqueIdentifier>
      <Extensions>cpp;c;cc;cxx;c++;cppm;ixx;def;odl;idl;hpj;bat;asm;asmx</Extensions>
    </Filter>
    <Filter Include="Headerdateien">
      <UniqueIdentifier>{93995380-89BD-4b04-88EB-625FBE52EBFB}</UniqueIdentifier>
      <Extensions>h;hh;hpp;hxx;h++;hm;inl;inc;ipp;xsd</Extensions>
    </Filter>
    <Filter Include="Ressourcendateien">
      <UniqueIdentifier>{67DA6AB6-F800-4c08-8B7A-83BB121AAD01}</UniqueIdentifier>
      <Extensions>rc;ico;cur;bmp;dlg;rc2;rct;bin;rgs;gif;jpg;jpeg;jpe;resx;tiff;tif;png;wav;mfcribbon-ms</Extensions>
    </Filter>
    <Filter Include="Quelldateien\imgui">
      <UniqueIdentifier>{ca4d5a00-84fe-4fed-8d8c-4d2c8c172cde}</UniqueIdentifier>
    </Filter>
    <Filter Include="Headerdateien\imgui">
      <UniqueIdentifier>{0842fca8-03db-49ea-9632-1d5f3feb1cf6}</UniqueIdentifier>
    </Filter>
  </ItemGroup>
  <ItemGroup>
    <ClCompile Include="q00.psx.cpp">
      <Filter>Quelldateien</Filter>
    </ClCompile>
    <ClCompile Include="cpu.cpp">
      <Filter>Quelldateien</Filter>
    </ClCompile>
    <ClCompile Include="mmu.cpp">
      <Filter>Quelldateien</Filter>
    </ClCompile>
    <ClCompile Include="fileimport.cpp">
      <Filter>Quelldateien</Filter>
    </ClCompile>
    <ClCompile Include="utils.cpp">
      <Filter>Quelldateien</Filter>
    </ClCompile>
    <ClCompile Include="gpu.cpp">
      <Filter>Quelldateien</Filter>
    </ClCompile>
    <ClCompile Include="spu.cpp">
      <Filter>Quelldateien</Filter>
    </ClCompile>
    <ClCompile Include="ui.cpp">
      <Filter>Quelldateien</Filter>
    </ClCompile>
    <ClCompile Include="include\imgui-1.89.2\imgui.cpp">
      <Filter>Quelldateien\imgui</Filter>
    </ClCompile>
    <ClCompile Include="include\imgui-1.89.2\imgui_draw.cpp">
      <Filter>Quelldateien\imgui</Filter>
    </ClCompile>
    <ClCompile Include="include\imgui-1.89.2\imgui_tables.cpp">
      <Filter>Quelldateien\imgui</Filter>
    </ClCompile>
    <ClCompile Include="include\imgui-1.89.2\imgui_widgets.cpp">
      <Filter>Quelldateien\imgui</Filter>
    </ClCompile>
    <ClCompile Include="include\imgui-1.89.2\backends\imgui_impl_sdl.cpp">
      <Filter>Quelldateien\imgui</Filter>
    </ClCompile>
    <ClCompile Include="include\imgui-1.89.2\backends\imgui_impl_sdlrenderer.cpp">
      <Filter>Quelldateien\imgui</Filter>
    </ClCompile>
    <ClCompile Include="include\imgui-1.89.2\imgui_demo.cpp">
      <Filter>Quelldateien\imgui</Filter>
    </ClCompile>
    <ClCompile Include="dma.cpp">
      <Filter>Quelldateien</Filter>
    </ClCompile>
    <ClCompile Include="timer.cpp">
      <Filter>Quelldateien</Filter>
    </ClCompile>
  </ItemGroup>
  <ItemGroup>
    <ClInclude Include="gpu.h">
      <Filter>Headerdateien</Filter>
    </ClInclude>
    <ClInclude Include="fileimport.h">
      <Filter>Headerdateien</Filter>
    </ClInclude>
    <ClInclude Include="utils.h">
      <Filter>Headerdateien</Filter>
    </ClInclude>
    <ClInclude Include="spu.h">
      <Filter>Quelldateien</Filter>
    </ClInclude>
    <ClInclude Include="ui.h">
      <Filter>Headerdateien</Filter>
    </ClInclude>
    <ClInclude Include="include\imgui-1.89.2\imconfig.h">
      <Filter>Headerdateien</Filter>
    </ClInclude>
    <ClInclude Include="include\imgui-1.89.2\imstb_truetype.h">
      <Filter>Headerdateien\imgui</Filter>
    </ClInclude>
    <ClInclude Include="include\imgui-1.89.2\imgui.h">
      <Filter>Headerdateien\imgui</Filter>
    </ClInclude>
    <ClInclude Include="include\imgui-1.89.2\backends\imgui_impl_sdl.h">
      <Filter>Headerdateien\imgui</Filter>
    </ClInclude>
    <ClInclude Include="include\imgui-1.89.2\backends\imgui_impl_sdlrenderer.h">
      <Filter>Headerdateien\imgui</Filter>
    </ClInclude>
    <ClInclude Include="include\imgui-1.89.2\imgui_internal.h">
      <Filter>Headerdateien\imgui</Filter>
    </ClInclude>
    <ClInclude Include="include\imgui-1.89.2\imstb_rectpack.h">
      <Filter>Headerdateien\imgui</Filter>
    </ClInclude>
    <ClInclude Include="include\imgui-1.89.2\imstb_textedit.h">
      <Filter>Headerdateien\imgui</Filter>
    </ClInclude>
    <ClInclude Include="dma.h">
      <Filter>Headerdateien</Filter>
    </ClInclude>
    <ClInclude Include="timer.h">
      <Filter>Headerdateien</Filter>
    </ClInclude>
  </ItemGroup>
  <ItemGroup>
    <None Include="..\..\..\..\Downloads\CPUOR.exe">
      <Filter>Quelldateien</Filter>
    </None>
  </ItemGroup>
</Project>